// !$*UTF8*$!
{
	archiveVersion = 1;
	classes = {
	};
	objectVersion = 46;
	objects = {

/* Begin PBXBuildFile section */
		837AEC7A16BC5CF1004635BF /* UIKit.framework in Frameworks */ = {isa = PBXBuildFile; fileRef = 837AEC7916BC5CF1004635BF /* UIKit.framework */; };
		837AEC7C16BC5CF1004635BF /* Foundation.framework in Frameworks */ = {isa = PBXBuildFile; fileRef = 837AEC7B16BC5CF1004635BF /* Foundation.framework */; };
		837AEC7E16BC5CF1004635BF /* CoreGraphics.framework in Frameworks */ = {isa = PBXBuildFile; fileRef = 837AEC7D16BC5CF1004635BF /* CoreGraphics.framework */; };
		837AEC8416BC5CF1004635BF /* InfoPlist.strings in Resources */ = {isa = PBXBuildFile; fileRef = 837AEC8216BC5CF1004635BF /* InfoPlist.strings */; };
		837AEC8616BC5CF2004635BF /* main.m in Sources */ = {isa = PBXBuildFile; fileRef = 837AEC8516BC5CF2004635BF /* main.m */; };
		837AEC8A16BC5CF2004635BF /* CPLAppDelegate.m in Sources */ = {isa = PBXBuildFile; fileRef = 837AEC8916BC5CF2004635BF /* CPLAppDelegate.m */; };
		837AEC8C16BC5CF2004635BF /* Default.png in Resources */ = {isa = PBXBuildFile; fileRef = 837AEC8B16BC5CF2004635BF /* Default.png */; };
		837AEC8E16BC5CF2004635BF /* Default@2x.png in Resources */ = {isa = PBXBuildFile; fileRef = 837AEC8D16BC5CF2004635BF /* Default@2x.png */; };
		837AEC9016BC5CF2004635BF /* Default-568h@2x.png in Resources */ = {isa = PBXBuildFile; fileRef = 837AEC8F16BC5CF2004635BF /* Default-568h@2x.png */; };
		837AEC9316BC5CF2004635BF /* MainStoryboard.storyboard in Resources */ = {isa = PBXBuildFile; fileRef = 837AEC9116BC5CF2004635BF /* MainStoryboard.storyboard */; };
		837AEC9616BC5CF2004635BF /* CPLViewController.m in Sources */ = {isa = PBXBuildFile; fileRef = 837AEC9516BC5CF2004635BF /* CPLViewController.m */; };
/* End PBXBuildFile section */

/* Begin PBXFileReference section */
		837AEC7516BC5CF1004635BF /* myJSONWebService.app */ = {isa = PBXFileReference; explicitFileType = wrapper.application; includeInIndex = 0; path = myJSONWebService.app; sourceTree = BUILT_PRODUCTS_DIR; };
		837AEC7916BC5CF1004635BF /* UIKit.framework */ = {isa = PBXFileReference; lastKnownFileType = wrapper.framework; name = UIKit.framework; path = System/Library/Frameworks/UIKit.framework; sourceTree = SDKROOT; };
		837AEC7B16BC5CF1004635BF /* Foundation.framework */ = {isa = PBXFileReference; lastKnownFileType = wrapper.framework; name = Foundation.framework; path = System/Library/Frameworks/Foundation.framework; sourceTree = SDKROOT; };
		837AEC7D16BC5CF1004635BF /* CoreGraphics.framework */ = {isa = PBXFileReference; lastKnownFileType = wrapper.framework; name = CoreGraphics.framework; path = System/Library/Frameworks/CoreGraphics.framework; sourceTree = SDKROOT; };
		837AEC8116BC5CF1004635BF /* myJSONWebService-Info.plist */ = {isa = PBXFileReference; lastKnownFileType = text.plist.xml; path = "myJSONWebService-Info.plist"; sourceTree = "<group>"; };
		837AEC8316BC5CF1004635BF /* en */ = {isa = PBXFileReference; lastKnownFileType = text.plist.strings; name = en; path = en.lproj/InfoPlist.strings; sourceTree = "<group>"; };
		837AEC8516BC5CF2004635BF /* main.m */ = {isa = PBXFileReference; lastKnownFileType = sourcecode.c.objc; path = main.m; sourceTree = "<group>"; };
		837AEC8716BC5CF2004635BF /* myJSONWebService-Prefix.pch */ = {isa = PBXFileReference; lastKnownFileType = sourcecode.c.h; path = "myJSONWebService-Prefix.pch"; sourceTree = "<group>"; };
		837AEC8816BC5CF2004635BF /* CPLAppDelegate.h */ = {isa = PBXFileReference; lastKnownFileType = sourcecode.c.h; path = CPLAppDelegate.h; sourceTree = "<group>"; };
		837AEC8916BC5CF2004635BF /* CPLAppDelegate.m */ = {isa = PBXFileReference; lastKnownFileType = sourcecode.c.objc; path = CPLAppDelegate.m; sourceTree = "<group>"; };
		837AEC8B16BC5CF2004635BF /* Default.png */ = {isa = PBXFileReference; lastKnownFileType = image.png; path = Default.png; sourceTree = "<group>"; };
		837AEC8D16BC5CF2004635BF /* Default@2x.png */ = {isa = PBXFileReference; lastKnownFileType = image.png; path = "Default@2x.png"; sourceTree = "<group>"; };
		837AEC8F16BC5CF2004635BF /* Default-568h@2x.png */ = {isa = PBXFileReference; lastKnownFileType = image.png; path = "Default-568h@2x.png"; sourceTree = "<group>"; };
		837AEC9216BC5CF2004635BF /* en */ = {isa = PBXFileReference; lastKnownFileType = file.storyboard; name = en; path = en.lproj/MainStoryboard.storyboard; sourceTree = "<group>"; };
		837AEC9416BC5CF2004635BF /* CPLViewController.h */ = {isa = PBXFileReference; lastKnownFileType = sourcecode.c.h; path = CPLViewController.h; sourceTree = "<group>"; };
		837AEC9516BC5CF2004635BF /* CPLViewController.m */ = {isa = PBXFileReference; lastKnownFileType = sourcecode.c.objc; path = CPLViewController.m; sourceTree = "<group>"; };
/* End PBXFileReference section */

/* Begin PBXFrameworksBuildPhase section */
		837AEC7216BC5CF1004635BF /* Frameworks */ = {
			isa = PBXFrameworksBuildPhase;
			buildActionMask = 2147483647;
			files = (
				837AEC7A16BC5CF1004635BF /* UIKit.framework in Frameworks */,
				837AEC7C16BC5CF1004635BF /* Foundation.framework in Frameworks */,
				837AEC7E16BC5CF1004635BF /* CoreGraphics.framework in Frameworks */,
			);
			runOnlyForDeploymentPostprocessing = 0;
		};
/* End PBXFrameworksBuildPhase section */

/* Begin PBXGroup section */
		837AEC6A16BC5CF1004635BF = {
			isa = PBXGroup;
			children = (
				837AEC7F16BC5CF1004635BF /* myJSONWebService */,
				837AEC7816BC5CF1004635BF /* Frameworks */,
				837AEC7616BC5CF1004635BF /* Products */,
			);
			sourceTree = "<group>";
		};
		837AEC7616BC5CF1004635BF /* Products */ = {
			isa = PBXGroup;
			children = (
				837AEC7516BC5CF1004635BF /* myJSONWebService.app */,
			);
			name = Products;
			sourceTree = "<group>";
		};
		837AEC7816BC5CF1004635BF /* Frameworks */ = {
			isa = PBXGroup;
			children = (
				837AEC7916BC5CF1004635BF /* UIKit.framework */,
				837AEC7B16BC5CF1004635BF /* Foundation.framework */,
				837AEC7D16BC5CF1004635BF /* CoreGraphics.framework */,
			);
			name = Frameworks;
			sourceTree = "<group>";
		};
		837AEC7F16BC5CF1004635BF /* myJSONWebService */ = {
			isa = PBXGroup;
			children = (
				837AEC8816BC5CF2004635BF /* CPLAppDelegate.h */,
				837AEC8916BC5CF2004635BF /* CPLAppDelegate.m */,
				837AEC9116BC5CF2004635BF /* MainStoryboard.storyboard */,
				837AEC9416BC5CF2004635BF /* CPLViewController.h */,
				837AEC9516BC5CF2004635BF /* CPLViewController.m */,
				837AEC8016BC5CF1004635BF /* Supporting Files */,
			);
			path = myJSONWebService;
			sourceTree = "<group>";
		};
		837AEC8016BC5CF1004635BF /* Supporting Files */ = {
			isa = PBXGroup;
			children = (
				837AEC8116BC5CF1004635BF /* myJSONWebService-Info.plist */,
				837AEC8216BC5CF1004635BF /* InfoPlist.strings */,
				837AEC8516BC5CF2004635BF /* main.m */,
				837AEC8716BC5CF2004635BF /* myJSONWebService-Prefix.pch */,
				837AEC8B16BC5CF2004635BF /* Default.png */,
				837AEC8D16BC5CF2004635BF /* Default@2x.png */,
				837AEC8F16BC5CF2004635BF /* Default-568h@2x.png */,
			);
			name = "Supporting Files";
			sourceTree = "<group>";
		};
/* End PBXGroup section */

/* Begin PBXNativeTarget section */
		837AEC7416BC5CF1004635BF /* myJSONWebService */ = {
			isa = PBXNativeTarget;
			buildConfigurationList = 837AEC9916BC5CF2004635BF /* Build configuration list for PBXNativeTarget "myJSONWebService" */;
			buildPhases = (
				837AEC7116BC5CF1004635BF /* Sources */,
				837AEC7216BC5CF1004635BF /* Frameworks */,
				837AEC7316BC5CF1004635BF /* Resources */,
			);
			buildRules = (
			);
			dependencies = (
			);
			name = myJSONWebService;
			productName = myJSONWebService;
			productReference = 837AEC7516BC5CF1004635BF /* myJSONWebService.app */;
			productType = "com.apple.product-type.application";
		};
/* End PBXNativeTarget section */

/* Begin PBXProject section */
		837AEC6C16BC5CF1004635BF /* Project object */ = {
			isa = PBXProject;
			attributes = {
				CLASSPREFIX = CPL;
				LastUpgradeCheck = 0450;
				ORGANIZATIONNAME = "Chris Lamb";
			};
			buildConfigurationList = 837AEC6F16BC5CF1004635BF /* Build configuration list for PBXProject "myJSONWebService" */;
			compatibilityVersion = "Xcode 3.2";
			developmentRegion = English;
			hasScannedForEncodings = 0;
			knownRegions = (
				en,
			);
			mainGroup = 837AEC6A16BC5CF1004635BF;
			productRefGroup = 837AEC7616BC5CF1004635BF /* Products */;
			projectDirPath = "";
			projectRoot = "";
			targets = (
				837AEC7416BC5CF1004635BF /* myJSONWebService */,
			);
		};
/* End PBXProject section */

/* Begin PBXResourcesBuildPhase section */
		837AEC7316BC5CF1004635BF /* Resources */ = {
			isa = PBXResourcesBuildPhase;
			buildActionMask = 2147483647;
			files = (
				837AEC8416BC5CF1004635BF /* InfoPlist.strings in Resources */,
				837AEC8C16BC5CF2004635BF /* Default.png in Resources */,
				837AEC8E16BC5CF2004635BF /* Default@2x.png in Resources */,
				837AEC9016BC5CF2004635BF /* Default-568h@2x.png in Resources */,
				837AEC9316BC5CF2004635BF /* MainStoryboard.storyboard in Resources */,
			);
			runOnlyForDeploymentPostprocessing = 0;
		};
/* End PBXResourcesBuildPhase section */

/* Begin PBXSourcesBuildPhase section */
		837AEC7116BC5CF1004635BF /* Sources */ = {
			isa = PBXSourcesBuildPhase;
			buildActionMask = 2147483647;
			files = (
				837AEC8616BC5CF2004635BF /* main.m in Sources */,
				837AEC8A16BC5CF2004635BF /* CPLAppDelegate.m in Sources */,
				837AEC9616BC5CF2004635BF /* CPLViewController.m in Sources */,
			);
			runOnlyForDeploymentPostprocessing = 0;
		};
/* End PBXSourcesBuildPhase section */

/* Begin PBXVariantGroup section */
		837AEC8216BC5CF1004635BF /* InfoPlist.strings */ = {
			isa = PBXVariantGroup;
			children = (
				837AEC8316BC5CF1004635BF /* en */,
			);
			name = InfoPlist.strings;
			sourceTree = "<group>";
		};
		837AEC9116BC5CF2004635BF /* MainStoryboard.storyboard */ = {
			isa = PBXVariantGroup;
			children = (
				837AEC9216BC5CF2004635BF /* en */,
			);
			name = MainStoryboard.storyboard;
			sourceTree = "<group>";
		};
/* End PBXVariantGroup section */

/* Begin XCBuildConfiguration section */
		837AEC9716BC5CF2004635BF /* Debug */ = {
			isa = XCBuildConfiguration;
			buildSettings = {
				ALWAYS_SEARCH_USER_PATHS = NO;
				CLANG_CXX_LANGUAGE_STANDARD = "gnu++0x";
				CLANG_CXX_LIBRARY = "libc++";
				CLANG_ENABLE_OBJC_ARC = YES;
				CLANG_WARN_EMPTY_BODY = YES;
				CLANG_WARN__DUPLICATE_METHOD_MATCH = YES;
				CODE_SIGN_IDENTITY = "iPhone Developer: CHRIS LAMB (W8LV24J2J6)";
				"CODE_SIGN_IDENTITY[sdk=iphoneos*]" = "iPhone Developer: CHRIS LAMB (W8LV24J2J6)";
				COPY_PHASE_STRIP = NO;
				GCC_C_LANGUAGE_STANDARD = gnu99;
				GCC_DYNAMIC_NO_PIC = NO;
				GCC_OPTIMIZATION_LEVEL = 0;
				GCC_PREPROCESSOR_DEFINITIONS = (
					"DEBUG=1",
					"$(inherited)",
				);
				GCC_SYMBOLS_PRIVATE_EXTERN = NO;
				GCC_WARN_ABOUT_RETURN_TYPE = YES;
				GCC_WARN_UNINITIALIZED_AUTOS = YES;
				GCC_WARN_UNUSED_VARIABLE = YES;
				IPHONEOS_DEPLOYMENT_TARGET = 6.0;
				ONLY_ACTIVE_ARCH = YES;
				PROVISIONING_PROFILE = "A1CD77BF-E58E-483D-880F-47693BC09F35";
				"PROVISIONING_PROFILE[sdk=iphoneos*]" = "A1CD77BF-E58E-483D-880F-47693BC09F35";
				SDKROOT = iphoneos;
			};
			name = Debug;
		};
		837AEC9816BC5CF2004635BF /* Release */ = {
			isa = XCBuildConfiguration;
			buildSettings = {
				ALWAYS_SEARCH_USER_PATHS = NO;
				CLANG_CXX_LANGUAGE_STANDARD = "gnu++0x";
				CLANG_CXX_LIBRARY = "libc++";
				CLANG_ENABLE_OBJC_ARC = YES;
				CLANG_WARN_EMPTY_BODY = YES;
				CLANG_WARN__DUPLICATE_METHOD_MATCH = YES;
				CODE_SIGN_IDENTITY = "iPhone Developer: CHRIS LAMB (W8LV24J2J6)";
				"CODE_SIGN_IDENTITY[sdk=iphoneos*]" = "iPhone Developer: CHRIS LAMB (W8LV24J2J6)";
				COPY_PHASE_STRIP = YES;
				GCC_C_LANGUAGE_STANDARD = gnu99;
				GCC_WARN_ABOUT_RETURN_TYPE = YES;
				GCC_WARN_UNINITIALIZED_AUTOS = YES;
				GCC_WARN_UNUSED_VARIABLE = YES;
				IPHONEOS_DEPLOYMENT_TARGET = 6.0;
				OTHER_CFLAGS = "-DNS_BLOCK_ASSERTIONS=1";
				PROVISIONING_PROFILE = "A1CD77BF-E58E-483D-880F-47693BC09F35";
				"PROVISIONING_PROFILE[sdk=iphoneos*]" = "A1CD77BF-E58E-483D-880F-47693BC09F35";
				SDKROOT = iphoneos;
				VALIDATE_PRODUCT = YES;
			};
			name = Release;
		};
		837AEC9A16BC5CF2004635BF /* Debug */ = {
			isa = XCBuildConfiguration;
			buildSettings = {
				GCC_PRECOMPILE_PREFIX_HEADER = YES;
				GCC_PREFIX_HEADER = "myJSONWebService/myJSONWebService-Prefix.pch";
				INFOPLIST_FILE = "myJSONWebService/myJSONWebService-Info.plist";
				IPHONEOS_DEPLOYMENT_TARGET = 6.0;
				PRODUCT_NAME = "$(TARGET_NAME)";
				TARGETED_DEVICE_FAMILY = "1,2";
				WRAPPER_EXTENSION = app;
			};
			name = Debug;
		};
		837AEC9B16BC5CF2004635BF /* Release */ = {
			isa = XCBuildConfiguration;
			buildSettings = {
				GCC_PRECOMPILE_PREFIX_HEADER = YES;
				GCC_PREFIX_HEADER = "myJSONWebService/myJSONWebService-Prefix.pch";
				INFOPLIST_FILE = "myJSONWebService/myJSONWebService-Info.plist";
				IPHONEOS_DEPLOYMENT_TARGET = 6.0;
				PRODUCT_NAME = "$(TARGET_NAME)";
				TARGETED_DEVICE_FAMILY = "1,2";
				WRAPPER_EXTENSION = app;
			};
			name = Release;
		};
/* End XCBuildConfiguration section */

/* Begin XCConfigurationList section */
		837AEC6F16BC5CF1004635BF /* Build configuration list for PBXProject "myJSONWebService" */ = {
			isa = XCConfigurationList;
			buildConfigurations = (
				837AEC9716BC5CF2004635BF /* Debug */,
				837AEC9816BC5CF2004635BF /* Release */,
			);
			defaultConfigurationIsVisible = 0;
			defaultConfigurationName = Release;
		};
		837AEC9916BC5CF2004635BF /* Build configuration list for PBXNativeTarget "myJSONWebService" */ = {
			isa = XCConfigurationList;
			buildConfigurations = (
				837AEC9A16BC5CF2004635BF /* Debug */,
				837AEC9B16BC5CF2004635BF /* Release */,
			);
			defaultConfigurationIsVisible = 0;
		};
/* End XCConfigurationList section */
	};
	rootObject = 837AEC6C16BC5CF1004635BF /* Project object */;
}
